
Microsoft Visual Studio Solution File, Format Version 12.00
# Visual Studio Version 16
VisualStudioVersion = 16.0.30413.136
MinimumVisualStudioVersion = 10.0.40219.1
Project("{FAE04EC0-301F-11D3-BF4B-00C04F79EFBC}") = "Practico2", "Practico2\Practico2.csproj", "{65FC82F6-4682-44C3-8A97-0141D4E58128}"
EndProject
Global
	GlobalSection(SolutionConfigurationPlatforms) = preSolution
		Debug|Any CPU = Debug|Any CPU
		Release|Any CPU = Release|Any CPU
	EndGlobalSection
	GlobalSection(ProjectConfigurationPlatforms) = postSolution
		{65FC82F6-4682-44C3-8A97-0141D4E58128}.Debug|Any CPU.ActiveCfg = Debug|Any CPU
		{65FC82F6-4682-44C3-8A97-0141D4E58128}.Debug|Any CPU.Build.0 = Debug|Any CPU
		{65FC82F6-4682-44C3-8A97-0141D4E58128}.Release|Any CPU.ActiveCfg = Release|Any CPU
		{65FC82F6-4682-44C3-8A97-0141D4E58128}.Release|Any CPU.Build.0 = Release|Any CPU
	EndGlobalSection
	GlobalSection(SolutionProperties) = preSolution
		HideSolutionNode = FALSE
	EndGlobalSection
	GlobalSection(ExtensibilityGlobals) = postSolution
		SolutionGuid = {4C4CB644-E879-4F10-83A3-479B8936A7BD}
	EndGlobalSection
EndGlobal
